
Microsoft Visual Studio Solution File, Format Version 12.00
# Visual Studio Version 17
VisualStudioVersion = 17.3.32901.215
MinimumVisualStudioVersion = 10.0.40219.1
Project("{FAE04EC0-301F-11D3-BF4B-00C04F79EFBC}") = "NewProxyStub-HTTP", "NewProxyStub-HTTP\NewProxyStub-HTTP.csproj", "{16AD84AC-C69A-4529-9FCD-AB8E5C5ECA2A}"
EndProject
Project("{FAE04EC0-301F-11D3-BF4B-00C04F79EFBC}") = "SimpleHttpServer", "..\..\..\Downloads\SimpleHttpServer-master\SimpleHttpServer-master\SimpleHttpServer\SimpleHttpServer.csproj", "{9E139539-C272-488A-BFCF-CADDF458DF9D}"
EndProject
Project("{FAE04EC0-301F-11D3-BF4B-00C04F79EFBC}") = "ClientTest", "ClientTest\ClientTest.csproj", "{BFAA9CB8-0E79-439B-8CEE-032A83B3378E}"
EndProject
Global
	GlobalSection(SolutionConfigurationPlatforms) = preSolution
		Debug|Any CPU = Debug|Any CPU
		Debug|x86 = Debug|x86
		Release|Any CPU = Release|Any CPU
		Release|x86 = Release|x86
	EndGlobalSection
	GlobalSection(ProjectConfigurationPlatforms) = postSolution
		{16AD84AC-C69A-4529-9FCD-AB8E5C5ECA2A}.Debug|Any CPU.ActiveCfg = Debug|Any CPU
		{16AD84AC-C69A-4529-9FCD-AB8E5C5ECA2A}.Debug|Any CPU.Build.0 = Debug|Any CPU
		{16AD84AC-C69A-4529-9FCD-AB8E5C5ECA2A}.Debug|x86.ActiveCfg = Debug|Any CPU
		{16AD84AC-C69A-4529-9FCD-AB8E5C5ECA2A}.Debug|x86.Build.0 = Debug|Any CPU
		{16AD84AC-C69A-4529-9FCD-AB8E5C5ECA2A}.Release|Any CPU.ActiveCfg = Release|Any CPU
		{16AD84AC-C69A-4529-9FCD-AB8E5C5ECA2A}.Release|Any CPU.Build.0 = Release|Any CPU
		{16AD84AC-C69A-4529-9FCD-AB8E5C5ECA2A}.Release|x86.ActiveCfg = Release|Any CPU
		{16AD84AC-C69A-4529-9FCD-AB8E5C5ECA2A}.Release|x86.Build.0 = Release|Any CPU
		{9E139539-C272-488A-BFCF-CADDF458DF9D}.Debug|Any CPU.ActiveCfg = Debug|Any CPU
		{9E139539-C272-488A-BFCF-CADDF458DF9D}.Debug|Any CPU.Build.0 = Debug|Any CPU
		{9E139539-C272-488A-BFCF-CADDF458DF9D}.Debug|x86.ActiveCfg = Debug|x86
		{9E139539-C272-488A-BFCF-CADDF458DF9D}.Debug|x86.Build.0 = Debug|x86
		{9E139539-C272-488A-BFCF-CADDF458DF9D}.Release|Any CPU.ActiveCfg = Release|Any CPU
		{9E139539-C272-488A-BFCF-CADDF458DF9D}.Release|Any CPU.Build.0 = Release|Any CPU
		{9E139539-C272-488A-BFCF-CADDF458DF9D}.Release|x86.ActiveCfg = Release|x86
		{9E139539-C272-488A-BFCF-CADDF458DF9D}.Release|x86.Build.0 = Release|x86
		{BFAA9CB8-0E79-439B-8CEE-032A83B3378E}.Debug|Any CPU.ActiveCfg = Debug|Any CPU
		{BFAA9CB8-0E79-439B-8CEE-032A83B3378E}.Debug|Any CPU.Build.0 = Debug|Any CPU
		{BFAA9CB8-0E79-439B-8CEE-032A83B3378E}.Debug|x86.ActiveCfg = Debug|Any CPU
		{BFAA9CB8-0E79-439B-8CEE-032A83B3378E}.Debug|x86.Build.0 = Debug|Any CPU
		{BFAA9CB8-0E79-439B-8CEE-032A83B3378E}.Release|Any CPU.ActiveCfg = Release|Any CPU
		{BFAA9CB8-0E79-439B-8CEE-032A83B3378E}.Release|Any CPU.Build.0 = Release|Any CPU
		{BFAA9CB8-0E79-439B-8CEE-032A83B3378E}.Release|x86.ActiveCfg = Release|Any CPU
		{BFAA9CB8-0E79-439B-8CEE-032A83B3378E}.Release|x86.Build.0 = Release|Any CPU
	EndGlobalSection
	GlobalSection(SolutionProperties) = preSolution
		HideSolutionNode = FALSE
	EndGlobalSection
	GlobalSection(ExtensibilityGlobals) = postSolution
		SolutionGuid = {3D8255A6-7FB3-4C28-AFB6-EE5D05968F25}
	EndGlobalSection
EndGlobal
